// !$*UTF8*$!
{
	archiveVersion = 1;
	classes = {
	};
	objectVersion = 51;
	objects = {

/* Begin PBXBuildFile section */
		0422A7B824954CD4004FE1D5 /* UIViewController+SimpleAlert.m in Sources */ = {isa = PBXBuildFile; fileRef = 0422A7B624954CD4004FE1D5 /* UIViewController+SimpleAlert.m */; };
		0422A7C724955A96004FE1D5 /* NSObject+WeakProperty.m in Sources */ = {isa = PBXBuildFile; fileRef = 0422A7C624955A96004FE1D5 /* NSObject+WeakProperty.m */; };
		0422A7D02495F1B2004FE1D5 /* UITableView+KVTableViewProtocol.m in Sources */ = {isa = PBXBuildFile; fileRef = 0422A7CF2495F1B2004FE1D5 /* UITableView+KVTableViewProtocol.m */; };
		0422A81D24962057004FE1D5 /* DetailViewController.m in Sources */ = {isa = PBXBuildFile; fileRef = 0422A81C24962057004FE1D5 /* DetailViewController.m */; };
		0422A821249620DB004FE1D5 /* CTMediator+Router.m in Sources */ = {isa = PBXBuildFile; fileRef = 0422A820249620DB004FE1D5 /* CTMediator+Router.m */; };
		0422A824249620EC004FE1D5 /* CTMediator+Detail.m in Sources */ = {isa = PBXBuildFile; fileRef = 0422A823249620EC004FE1D5 /* CTMediator+Detail.m */; };
		0422A8292496492C004FE1D5 /* MyThemes.m in Sources */ = {isa = PBXBuildFile; fileRef = 0422A8282496492C004FE1D5 /* MyThemes.m */; };
		0422A82D24964A75004FE1D5 /* KVThemeMap.m in Sources */ = {isa = PBXBuildFile; fileRef = 0422A82C24964A75004FE1D5 /* KVThemeMap.m */; };
		0422A8322496506E004FE1D5 /* Red.json in Resources */ = {isa = PBXBuildFile; fileRef = 0422A82F2496506E004FE1D5 /* Red.json */; };
		0422A8332496506E004FE1D5 /* Night.json in Resources */ = {isa = PBXBuildFile; fileRef = 0422A8302496506E004FE1D5 /* Night.json */; };
		0422A8342496506E004FE1D5 /* Yellow.json in Resources */ = {isa = PBXBuildFile; fileRef = 0422A8312496506E004FE1D5 /* Yellow.json */; };
		043A38EC2477CE7F00FFC960 /* UIView+KVState.m in Sources */ = {isa = PBXBuildFile; fileRef = 043A38EB2477CE7F00FFC960 /* UIView+KVState.m */; };
		044EF8D82477D153007F2CB6 /* KVHud.m in Sources */ = {isa = PBXBuildFile; fileRef = 044EF8D72477D153007F2CB6 /* KVHud.m */; };
		044EF8DB2477D1F0007F2CB6 /* KVBaseStateView.m in Sources */ = {isa = PBXBuildFile; fileRef = 044EF8DA2477D1F0007F2CB6 /* KVBaseStateView.m */; };
		045D5D20247E7B9500C22452 /* UIView+Context.m in Sources */ = {isa = PBXBuildFile; fileRef = 045D5D1F247E7B9500C22452 /* UIView+Context.m */; };
		045D5D27247E9D9700C22452 /* AppTableViewStateView.m in Sources */ = {isa = PBXBuildFile; fileRef = 045D5D26247E9D9700C22452 /* AppTableViewStateView.m */; };
		045D5D29247E9DA000C22452 /* AppTableViewStateView.xib in Resources */ = {isa = PBXBuildFile; fileRef = 045D5D28247E9DA000C22452 /* AppTableViewStateView.xib */; };
		04609792246C31A600BA6FD5 /* ViewController.m in Sources */ = {isa = PBXBuildFile; fileRef = 04609791246C31A600BA6FD5 /* ViewController.m */; };
		04609795246C31A600BA6FD5 /* Main.storyboard in Resources */ = {isa = PBXBuildFile; fileRef = 04609793246C31A600BA6FD5 /* Main.storyboard */; };
		04609797246C31AB00BA6FD5 /* Assets.xcassets in Resources */ = {isa = PBXBuildFile; fileRef = 04609796246C31AB00BA6FD5 /* Assets.xcassets */; };
		0460979A246C31AB00BA6FD5 /* LaunchScreen.storyboard in Resources */ = {isa = PBXBuildFile; fileRef = 04609798246C31AB00BA6FD5 /* LaunchScreen.storyboard */; };
		0460979D246C31AB00BA6FD5 /* main.m in Sources */ = {isa = PBXBuildFile; fileRef = 0460979C246C31AB00BA6FD5 /* main.m */; };
		046097A7246C31AB00BA6FD5 /* kvtemplateTests.m in Sources */ = {isa = PBXBuildFile; fileRef = 046097A6246C31AB00BA6FD5 /* kvtemplateTests.m */; };
		046097B2246C31AB00BA6FD5 /* kvtemplateUITests.m in Sources */ = {isa = PBXBuildFile; fileRef = 046097B1246C31AB00BA6FD5 /* kvtemplateUITests.m */; };
		046097C9246C321D00BA6FD5 /* SceneDelegate.m in Sources */ = {isa = PBXBuildFile; fileRef = 046097C5246C321D00BA6FD5 /* SceneDelegate.m */; };
		046097CA246C321D00BA6FD5 /* AppDelegate.m in Sources */ = {isa = PBXBuildFile; fileRef = 046097C7246C321D00BA6FD5 /* AppDelegate.m */; };
		046097FC246C323E00BA6FD5 /* HomePresent.m in Sources */ = {isa = PBXBuildFile; fileRef = 046097CD246C323E00BA6FD5 /* HomePresent.m */; };
		046097FD246C323E00BA6FD5 /* HomeViewController.m in Sources */ = {isa = PBXBuildFile; fileRef = 046097CE246C323E00BA6FD5 /* HomeViewController.m */; };
		046097FE246C323E00BA6FD5 /* KVTableViewAdapter.m in Sources */ = {isa = PBXBuildFile; fileRef = 046097D6246C323E00BA6FD5 /* KVTableViewAdapter.m */; };
		04609800246C323E00BA6FD5 /* KVTableView.m in Sources */ = {isa = PBXBuildFile; fileRef = 046097D9246C323E00BA6FD5 /* KVTableView.m */; };
		04609801246C323E00BA6FD5 /* KVDefaultStateView.m in Sources */ = {isa = PBXBuildFile; fileRef = 046097DA246C323E00BA6FD5 /* KVDefaultStateView.m */; };
		04609802246C323E00BA6FD5 /* KVDefaultStateView.xib in Resources */ = {isa = PBXBuildFile; fileRef = 046097DC246C323E00BA6FD5 /* KVDefaultStateView.xib */; };
		04609803246C323E00BA6FD5 /* KVToast.m in Sources */ = {isa = PBXBuildFile; fileRef = 046097E2246C323E00BA6FD5 /* KVToast.m */; };
		04609804246C323F00BA6FD5 /* KVHttpToolCacheImp.m in Sources */ = {isa = PBXBuildFile; fileRef = 046097E7246C323E00BA6FD5 /* KVHttpToolCacheImp.m */; };
		04609805246C323F00BA6FD5 /* KVHttpTool+Business.m in Sources */ = {isa = PBXBuildFile; fileRef = 046097EA246C323E00BA6FD5 /* KVHttpTool+Business.m */; };
		04609806246C323F00BA6FD5 /* KVHttpTool+MISC.m in Sources */ = {isa = PBXBuildFile; fileRef = 046097EB246C323E00BA6FD5 /* KVHttpTool+MISC.m */; };
		04609807246C323F00BA6FD5 /* KVHttpTool.m in Sources */ = {isa = PBXBuildFile; fileRef = 046097EC246C323E00BA6FD5 /* KVHttpTool.m */; };
		04609808246C323F00BA6FD5 /* KVHttpToolCache.m in Sources */ = {isa = PBXBuildFile; fileRef = 046097EE246C323E00BA6FD5 /* KVHttpToolCache.m */; };
		0460980B246C323F00BA6FD5 /* AppNetworking.m in Sources */ = {isa = PBXBuildFile; fileRef = 046097FB246C323E00BA6FD5 /* AppNetworking.m */; };
		0460980F246C425000BA6FD5 /* KVStorege.m in Sources */ = {isa = PBXBuildFile; fileRef = 0460980E246C425000BA6FD5 /* KVStorege.m */; };
		04609812246C515400BA6FD5 /* NSObject+WeakObserve.m in Sources */ = {isa = PBXBuildFile; fileRef = 04609810246C515400BA6FD5 /* NSObject+WeakObserve.m */; };
		04609817246D276500BA6FD5 /* KVOperation.m in Sources */ = {isa = PBXBuildFile; fileRef = 04609816246D276500BA6FD5 /* KVOperation.m */; };
		0460981A246D49D800BA6FD5 /* KVHttpOpration.m in Sources */ = {isa = PBXBuildFile; fileRef = 04609819246D49D800BA6FD5 /* KVHttpOpration.m */; };
		0460981D246D49EC00BA6FD5 /* KVHttpToolInfos.m in Sources */ = {isa = PBXBuildFile; fileRef = 0460981C246D49EC00BA6FD5 /* KVHttpToolInfos.m */; };
		049FA91D248BCD92003B61BD /* AppTabbarController.m in Sources */ = {isa = PBXBuildFile; fileRef = 049FA91C248BCD92003B61BD /* AppTabbarController.m */; };
		049FA920248BCDB9003B61BD /* AppNavigationController.m in Sources */ = {isa = PBXBuildFile; fileRef = 049FA91F248BCDB9003B61BD /* AppNavigationController.m */; };
		049FA92A248BCE1C003B61BD /* ChannelViewController.m in Sources */ = {isa = PBXBuildFile; fileRef = 049FA922248BCE1B003B61BD /* ChannelViewController.m */; };
		049FA92B248BCE1C003B61BD /* DiscoverViewController.m in Sources */ = {isa = PBXBuildFile; fileRef = 049FA926248BCE1C003B61BD /* DiscoverViewController.m */; };
		049FA92C248BCE1C003B61BD /* PersonalViewController.m in Sources */ = {isa = PBXBuildFile; fileRef = 049FA929248BCE1C003B61BD /* PersonalViewController.m */; };
		049FA930248BD07C003B61BD /* AppViewController.m in Sources */ = {isa = PBXBuildFile; fileRef = 049FA92F248BD07C003B61BD /* AppViewController.m */; };
		2F5695BBB2BCD2C876B6CA4B /* Pods_kvtemplateTests.framework in Frameworks */ = {isa = PBXBuildFile; fileRef = D08409416198747B4D09A66B /* Pods_kvtemplateTests.framework */; };
		3D17287909FE42D4E2FA0092 /* Pods_kvtemplate.framework in Frameworks */ = {isa = PBXBuildFile; fileRef = 37C03827A0F330876CB317AF /* Pods_kvtemplate.framework */; };
		D62D71C15E20B2037451AB76 /* Pods_kvtemplate_kvtemplateUITests.framework in Frameworks */ = {isa = PBXBuildFile; fileRef = CFA9D26535CA6B8139DC717C /* Pods_kvtemplate_kvtemplateUITests.framework */; };
/* End PBXBuildFile section */

/* Begin PBXContainerItemProxy section */
		046097A3246C31AB00BA6FD5 /* PBXContainerItemProxy */ = {
			isa = PBXContainerItemProxy;
			containerPortal = 0460977F246C31A600BA6FD5 /* Project object */;
			proxyType = 1;
			remoteGlobalIDString = 04609786246C31A600BA6FD5;
			remoteInfo = kvtemplate;
		};
		046097AE246C31AB00BA6FD5 /* PBXContainerItemProxy */ = {
			isa = PBXContainerItemProxy;
			containerPortal = 0460977F246C31A600BA6FD5 /* Project object */;
			proxyType = 1;
			remoteGlobalIDString = 04609786246C31A600BA6FD5;
			remoteInfo = kvtemplate;
		};
/* End PBXContainerItemProxy section */

/* Begin PBXFileReference section */
		0422A7B624954CD4004FE1D5 /* UIViewController+SimpleAlert.m */ = {isa = PBXFileReference; fileEncoding = 4; lastKnownFileType = sourcecode.c.objc; path = "UIViewController+SimpleAlert.m"; sourceTree = "<group>"; };
		0422A7B724954CD4004FE1D5 /* UIViewController+SimpleAlert.h */ = {isa = PBXFileReference; fileEncoding = 4; lastKnownFileType = sourcecode.c.h; path = "UIViewController+SimpleAlert.h"; sourceTree = "<group>"; };
		0422A7C524955A96004FE1D5 /* NSObject+WeakProperty.h */ = {isa = PBXFileReference; lastKnownFileType = sourcecode.c.h; path = "NSObject+WeakProperty.h"; sourceTree = "<group>"; };
		0422A7C624955A96004FE1D5 /* NSObject+WeakProperty.m */ = {isa = PBXFileReference; lastKnownFileType = sourcecode.c.objc; path = "NSObject+WeakProperty.m"; sourceTree = "<group>"; };
		0422A7CE2495F1B2004FE1D5 /* UITableView+KVTableViewProtocol.h */ = {isa = PBXFileReference; lastKnownFileType = sourcecode.c.h; path = "UITableView+KVTableViewProtocol.h"; sourceTree = "<group>"; };
		0422A7CF2495F1B2004FE1D5 /* UITableView+KVTableViewProtocol.m */ = {isa = PBXFileReference; lastKnownFileType = sourcecode.c.objc; path = "UITableView+KVTableViewProtocol.m"; sourceTree = "<group>"; };
		0422A81B24962057004FE1D5 /* DetailViewController.h */ = {isa = PBXFileReference; lastKnownFileType = sourcecode.c.h; path = DetailViewController.h; sourceTree = "<group>"; };
		0422A81C24962057004FE1D5 /* DetailViewController.m */ = {isa = PBXFileReference; lastKnownFileType = sourcecode.c.objc; path = DetailViewController.m; sourceTree = "<group>"; };
		0422A81F249620DB004FE1D5 /* CTMediator+Router.h */ = {isa = PBXFileReference; lastKnownFileType = sourcecode.c.h; path = "CTMediator+Router.h"; sourceTree = "<group>"; };
		0422A820249620DB004FE1D5 /* CTMediator+Router.m */ = {isa = PBXFileReference; lastKnownFileType = sourcecode.c.objc; path = "CTMediator+Router.m"; sourceTree = "<group>"; };
		0422A822249620EC004FE1D5 /* CTMediator+Detail.h */ = {isa = PBXFileReference; lastKnownFileType = sourcecode.c.h; path = "CTMediator+Detail.h"; sourceTree = "<group>"; };
		0422A823249620EC004FE1D5 /* CTMediator+Detail.m */ = {isa = PBXFileReference; lastKnownFileType = sourcecode.c.objc; path = "CTMediator+Detail.m"; sourceTree = "<group>"; };
		0422A8262496492B004FE1D5 /* Global.h */ = {isa = PBXFileReference; fileEncoding = 4; lastKnownFileType = sourcecode.c.h; path = Global.h; sourceTree = "<group>"; };
		0422A8272496492B004FE1D5 /* MyThemes.h */ = {isa = PBXFileReference; fileEncoding = 4; lastKnownFileType = sourcecode.c.h; path = MyThemes.h; sourceTree = "<group>"; };
		0422A8282496492C004FE1D5 /* MyThemes.m */ = {isa = PBXFileReference; fileEncoding = 4; lastKnownFileType = sourcecode.c.objc; path = MyThemes.m; sourceTree = "<group>"; };
		0422A82B24964A75004FE1D5 /* KVThemeMap.h */ = {isa = PBXFileReference; lastKnownFileType = sourcecode.c.h; path = KVThemeMap.h; sourceTree = "<group>"; };
		0422A82C24964A75004FE1D5 /* KVThemeMap.m */ = {isa = PBXFileReference; lastKnownFileType = sourcecode.c.objc; path = KVThemeMap.m; sourceTree = "<group>"; };
		0422A82F2496506E004FE1D5 /* Red.json */ = {isa = PBXFileReference; fileEncoding = 4; lastKnownFileType = text.json; path = Red.json; sourceTree = "<group>"; };
		0422A8302496506E004FE1D5 /* Night.json */ = {isa = PBXFileReference; fileEncoding = 4; lastKnownFileType = text.json; path = Night.json; sourceTree = "<group>"; };
		0422A8312496506E004FE1D5 /* Yellow.json */ = {isa = PBXFileReference; fileEncoding = 4; lastKnownFileType = text.json; path = Yellow.json; sourceTree = "<group>"; };
		043A38EA2477CE7F00FFC960 /* UIView+KVState.h */ = {isa = PBXFileReference; lastKnownFileType = sourcecode.c.h; path = "UIView+KVState.h"; sourceTree = "<group>"; };
		043A38EB2477CE7F00FFC960 /* UIView+KVState.m */ = {isa = PBXFileReference; lastKnownFileType = sourcecode.c.objc; path = "UIView+KVState.m"; sourceTree = "<group>"; };
		043A38EE2477CEB700FFC960 /* KVStateViewProtocol.h */ = {isa = PBXFileReference; lastKnownFileType = sourcecode.c.h; path = KVStateViewProtocol.h; sourceTree = "<group>"; };
		044EF8D62477D153007F2CB6 /* KVHud.h */ = {isa = PBXFileReference; lastKnownFileType = sourcecode.c.h; path = KVHud.h; sourceTree = "<group>"; };
		044EF8D72477D153007F2CB6 /* KVHud.m */ = {isa = PBXFileReference; lastKnownFileType = sourcecode.c.objc; path = KVHud.m; sourceTree = "<group>"; };
		044EF8D92477D1F0007F2CB6 /* KVBaseStateView.h */ = {isa = PBXFileReference; lastKnownFileType = sourcecode.c.h; path = KVBaseStateView.h; sourceTree = "<group>"; };
		044EF8DA2477D1F0007F2CB6 /* KVBaseStateView.m */ = {isa = PBXFileReference; lastKnownFileType = sourcecode.c.objc; path = KVBaseStateView.m; sourceTree = "<group>"; };
		044EF8DE2477D759007F2CB6 /* define.h */ = {isa = PBXFileReference; fileEncoding = 4; lastKnownFileType = sourcecode.c.h; path = define.h; sourceTree = "<group>"; };
		044EF8DF2477D890007F2CB6 /* KVKitHeader.h */ = {isa = PBXFileReference; lastKnownFileType = sourcecode.c.h; path = KVKitHeader.h; sourceTree = "<group>"; };
		045D5D1E247E7B9500C22452 /* UIView+Context.h */ = {isa = PBXFileReference; lastKnownFileType = sourcecode.c.h; path = "UIView+Context.h"; sourceTree = "<group>"; };
		045D5D1F247E7B9500C22452 /* UIView+Context.m */ = {isa = PBXFileReference; lastKnownFileType = sourcecode.c.objc; path = "UIView+Context.m"; sourceTree = "<group>"; };
		045D5D21247E7D2400C22452 /* KVKitExportHeader.h */ = {isa = PBXFileReference; lastKnownFileType = sourcecode.c.h; path = KVKitExportHeader.h; sourceTree = "<group>"; };
		045D5D25247E9D9700C22452 /* AppTableViewStateView.h */ = {isa = PBXFileReference; lastKnownFileType = sourcecode.c.h; path = AppTableViewStateView.h; sourceTree = "<group>"; };
		045D5D26247E9D9700C22452 /* AppTableViewStateView.m */ = {isa = PBXFileReference; lastKnownFileType = sourcecode.c.objc; path = AppTableViewStateView.m; sourceTree = "<group>"; };
		045D5D28247E9DA000C22452 /* AppTableViewStateView.xib */ = {isa = PBXFileReference; lastKnownFileType = file.xib; path = AppTableViewStateView.xib; sourceTree = "<group>"; };
		04609787246C31A600BA6FD5 /* kvtemplate.app */ = {isa = PBXFileReference; explicitFileType = wrapper.application; includeInIndex = 0; path = kvtemplate.app; sourceTree = BUILT_PRODUCTS_DIR; };
		04609790246C31A600BA6FD5 /* ViewController.h */ = {isa = PBXFileReference; lastKnownFileType = sourcecode.c.h; path = ViewController.h; sourceTree = "<group>"; };
		04609791246C31A600BA6FD5 /* ViewController.m */ = {isa = PBXFileReference; lastKnownFileType = sourcecode.c.objc; path = ViewController.m; sourceTree = "<group>"; };
		04609794246C31A600BA6FD5 /* Base */ = {isa = PBXFileReference; lastKnownFileType = file.storyboard; name = Base; path = Base.lproj/Main.storyboard; sourceTree = "<group>"; };
		04609796246C31AB00BA6FD5 /* Assets.xcassets */ = {isa = PBXFileReference; lastKnownFileType = folder.assetcatalog; path = Assets.xcassets; sourceTree = "<group>"; };
		04609799246C31AB00BA6FD5 /* Base */ = {isa = PBXFileReference; lastKnownFileType = file.storyboard; name = Base; path = Base.lproj/LaunchScreen.storyboard; sourceTree = "<group>"; };
		0460979B246C31AB00BA6FD5 /* Info.plist */ = {isa = PBXFileReference; lastKnownFileType = text.plist.xml; path = Info.plist; sourceTree = "<group>"; };
		0460979C246C31AB00BA6FD5 /* main.m */ = {isa = PBXFileReference; lastKnownFileType = sourcecode.c.objc; path = main.m; sourceTree = "<group>"; };
		046097A2246C31AB00BA6FD5 /* kvtemplateTests.xctest */ = {isa = PBXFileReference; explicitFileType = wrapper.cfbundle; includeInIndex = 0; path = kvtemplateTests.xctest; sourceTree = BUILT_PRODUCTS_DIR; };
		046097A6246C31AB00BA6FD5 /* kvtemplateTests.m */ = {isa = PBXFileReference; lastKnownFileType = sourcecode.c.objc; path = kvtemplateTests.m; sourceTree = "<group>"; };
		046097A8246C31AB00BA6FD5 /* Info.plist */ = {isa = PBXFileReference; lastKnownFileType = text.plist.xml; path = Info.plist; sourceTree = "<group>"; };
		046097AD246C31AB00BA6FD5 /* kvtemplateUITests.xctest */ = {isa = PBXFileReference; explicitFileType = wrapper.cfbundle; includeInIndex = 0; path = kvtemplateUITests.xctest; sourceTree = BUILT_PRODUCTS_DIR; };
		046097B1246C31AB00BA6FD5 /* kvtemplateUITests.m */ = {isa = PBXFileReference; lastKnownFileType = sourcecode.c.objc; path = kvtemplateUITests.m; sourceTree = "<group>"; };
		046097B3246C31AB00BA6FD5 /* Info.plist */ = {isa = PBXFileReference; lastKnownFileType = text.plist.xml; path = Info.plist; sourceTree = "<group>"; };
		046097C2246C31E400BA6FD5 /* Strings.h */ = {isa = PBXFileReference; fileEncoding = 4; lastKnownFileType = sourcecode.c.h; path = Strings.h; sourceTree = "<group>"; };
		046097C3246C31E400BA6FD5 /* pch.pch */ = {isa = PBXFileReference; fileEncoding = 4; lastKnownFileType = sourcecode.c.h; path = pch.pch; sourceTree = "<group>"; };
		046097C5246C321D00BA6FD5 /* SceneDelegate.m */ = {isa = PBXFileReference; fileEncoding = 4; lastKnownFileType = sourcecode.c.objc; path = SceneDelegate.m; sourceTree = "<group>"; };
		046097C6246C321D00BA6FD5 /* AppDelegate.h */ = {isa = PBXFileReference; fileEncoding = 4; lastKnownFileType = sourcecode.c.h; path = AppDelegate.h; sourceTree = "<group>"; };
		046097C7246C321D00BA6FD5 /* AppDelegate.m */ = {isa = PBXFileReference; fileEncoding = 4; lastKnownFileType = sourcecode.c.objc; path = AppDelegate.m; sourceTree = "<group>"; };
		046097C8246C321D00BA6FD5 /* SceneDelegate.h */ = {isa = PBXFileReference; fileEncoding = 4; lastKnownFileType = sourcecode.c.h; path = SceneDelegate.h; sourceTree = "<group>"; };
		046097CD246C323E00BA6FD5 /* HomePresent.m */ = {isa = PBXFileReference; fileEncoding = 4; lastKnownFileType = sourcecode.c.objc; path = HomePresent.m; sourceTree = "<group>"; };
		046097CE246C323E00BA6FD5 /* HomeViewController.m */ = {isa = PBXFileReference; fileEncoding = 4; lastKnownFileType = sourcecode.c.objc; path = HomeViewController.m; sourceTree = "<group>"; };
		046097CF246C323E00BA6FD5 /* HomePresent.h */ = {isa = PBXFileReference; fileEncoding = 4; lastKnownFileType = sourcecode.c.h; path = HomePresent.h; sourceTree = "<group>"; };
		046097D0246C323E00BA6FD5 /* HomeViewController.h */ = {isa = PBXFileReference; fileEncoding = 4; lastKnownFileType = sourcecode.c.h; path = HomeViewController.h; sourceTree = "<group>"; };
		046097D6246C323E00BA6FD5 /* KVTableViewAdapter.m */ = {isa = PBXFileReference; fileEncoding = 4; lastKnownFileType = sourcecode.c.objc; path = KVTableViewAdapter.m; sourceTree = "<group>"; };
		046097D7246C323E00BA6FD5 /* KVDefaultStateView.h */ = {isa = PBXFileReference; fileEncoding = 4; lastKnownFileType = sourcecode.c.h; path = KVDefaultStateView.h; sourceTree = "<group>"; };
		046097D9246C323E00BA6FD5 /* KVTableView.m */ = {isa = PBXFileReference; fileEncoding = 4; lastKnownFileType = sourcecode.c.objc; path = KVTableView.m; sourceTree = "<group>"; };
		046097DA246C323E00BA6FD5 /* KVDefaultStateView.m */ = {isa = PBXFileReference; fileEncoding = 4; lastKnownFileType = sourcecode.c.objc; path = KVDefaultStateView.m; sourceTree = "<group>"; };
		046097DB246C323E00BA6FD5 /* KVTableViewAdapter.h */ = {isa = PBXFileReference; fileEncoding = 4; lastKnownFileType = sourcecode.c.h; path = KVTableViewAdapter.h; sourceTree = "<group>"; };
		046097DC246C323E00BA6FD5 /* KVDefaultStateView.xib */ = {isa = PBXFileReference; fileEncoding = 4; lastKnownFileType = file.xib; path = KVDefaultStateView.xib; sourceTree = "<group>"; };
		046097DD246C323E00BA6FD5 /* KVTableView.h */ = {isa = PBXFileReference; fileEncoding = 4; lastKnownFileType = sourcecode.c.h; path = KVTableView.h; sourceTree = "<group>"; };
		046097DE246C323E00BA6FD5 /* KVTableViewProtocol.h */ = {isa = PBXFileReference; fileEncoding = 4; lastKnownFileType = sourcecode.c.h; path = KVTableViewProtocol.h; sourceTree = "<group>"; };
		046097E1246C323E00BA6FD5 /* KVToast.h */ = {isa = PBXFileReference; fileEncoding = 4; lastKnownFileType = sourcecode.c.h; path = KVToast.h; sourceTree = "<group>"; };
		046097E2246C323E00BA6FD5 /* KVToast.m */ = {isa = PBXFileReference; fileEncoding = 4; lastKnownFileType = sourcecode.c.objc; path = KVToast.m; sourceTree = "<group>"; };
		046097E3246C323E00BA6FD5 /* KVToastViewProtocol.h */ = {isa = PBXFileReference; fileEncoding = 4; lastKnownFileType = sourcecode.c.h; path = KVToastViewProtocol.h; sourceTree = "<group>"; };
		046097E6246C323E00BA6FD5 /* KVHttpTool+MISC.h */ = {isa = PBXFileReference; fileEncoding = 4; lastKnownFileType = sourcecode.c.h; path = "KVHttpTool+MISC.h"; sourceTree = "<group>"; };
		046097E7246C323E00BA6FD5 /* KVHttpToolCacheImp.m */ = {isa = PBXFileReference; fileEncoding = 4; lastKnownFileType = sourcecode.c.objc; path = KVHttpToolCacheImp.m; sourceTree = "<group>"; };
		046097E8246C323E00BA6FD5 /* KVHttpTool.h */ = {isa = PBXFileReference; fileEncoding = 4; lastKnownFileType = sourcecode.c.h; path = KVHttpTool.h; sourceTree = "<group>"; };
		046097E9246C323E00BA6FD5 /* KVHttpToolCache.h */ = {isa = PBXFileReference; fileEncoding = 4; lastKnownFileType = sourcecode.c.h; path = KVHttpToolCache.h; sourceTree = "<group>"; };
		046097EA246C323E00BA6FD5 /* KVHttpTool+Business.m */ = {isa = PBXFileReference; fileEncoding = 4; lastKnownFileType = sourcecode.c.objc; path = "KVHttpTool+Business.m"; sourceTree = "<group>"; };
		046097EB246C323E00BA6FD5 /* KVHttpTool+MISC.m */ = {isa = PBXFileReference; fileEncoding = 4; lastKnownFileType = sourcecode.c.objc; path = "KVHttpTool+MISC.m"; sourceTree = "<group>"; };
		046097EC246C323E00BA6FD5 /* KVHttpTool.m */ = {isa = PBXFileReference; fileEncoding = 4; lastKnownFileType = sourcecode.c.objc; path = KVHttpTool.m; sourceTree = "<group>"; };
		046097ED246C323E00BA6FD5 /* KVHttpToolCacheImp.h */ = {isa = PBXFileReference; fileEncoding = 4; lastKnownFileType = sourcecode.c.h; path = KVHttpToolCacheImp.h; sourceTree = "<group>"; };
		046097EE246C323E00BA6FD5 /* KVHttpToolCache.m */ = {isa = PBXFileReference; fileEncoding = 4; lastKnownFileType = sourcecode.c.objc; path = KVHttpToolCache.m; sourceTree = "<group>"; };
		046097EF246C323E00BA6FD5 /* KVHttpTool+Business.h */ = {isa = PBXFileReference; fileEncoding = 4; lastKnownFileType = sourcecode.c.h; path = "KVHttpTool+Business.h"; sourceTree = "<group>"; };
		046097F0246C323E00BA6FD5 /* KVHttpToolHeader.h */ = {isa = PBXFileReference; fileEncoding = 4; lastKnownFileType = sourcecode.c.h; path = KVHttpToolHeader.h; sourceTree = "<group>"; };
		046097FA246C323E00BA6FD5 /* AppNetworking.h */ = {isa = PBXFileReference; fileEncoding = 4; lastKnownFileType = sourcecode.c.h; path = AppNetworking.h; sourceTree = "<group>"; };
		046097FB246C323E00BA6FD5 /* AppNetworking.m */ = {isa = PBXFileReference; fileEncoding = 4; lastKnownFileType = sourcecode.c.objc; path = AppNetworking.m; sourceTree = "<group>"; };
		0460980C246C40E000BA6FD5 /* KVStoregeProtocol.h */ = {isa = PBXFileReference; lastKnownFileType = sourcecode.c.h; path = KVStoregeProtocol.h; sourceTree = "<group>"; };
		0460980D246C425000BA6FD5 /* KVStorege.h */ = {isa = PBXFileReference; lastKnownFileType = sourcecode.c.h; path = KVStorege.h; sourceTree = "<group>"; };
		0460980E246C425000BA6FD5 /* KVStorege.m */ = {isa = PBXFileReference; lastKnownFileType = sourcecode.c.objc; path = KVStorege.m; sourceTree = "<group>"; };
		04609810246C515400BA6FD5 /* NSObject+WeakObserve.m */ = {isa = PBXFileReference; fileEncoding = 4; lastKnownFileType = sourcecode.c.objc; path = "NSObject+WeakObserve.m"; sourceTree = "<group>"; };
		04609811246C515400BA6FD5 /* NSObject+WeakObserve.h */ = {isa = PBXFileReference; fileEncoding = 4; lastKnownFileType = sourcecode.c.h; path = "NSObject+WeakObserve.h"; sourceTree = "<group>"; };
		04609815246D276500BA6FD5 /* KVOperation.h */ = {isa = PBXFileReference; lastKnownFileType = sourcecode.c.h; path = KVOperation.h; sourceTree = "<group>"; };
		04609816246D276500BA6FD5 /* KVOperation.m */ = {isa = PBXFileReference; lastKnownFileType = sourcecode.c.objc; path = KVOperation.m; sourceTree = "<group>"; };
		04609818246D49D800BA6FD5 /* KVHttpOpration.h */ = {isa = PBXFileReference; lastKnownFileType = sourcecode.c.h; path = KVHttpOpration.h; sourceTree = "<group>"; };
		04609819246D49D800BA6FD5 /* KVHttpOpration.m */ = {isa = PBXFileReference; lastKnownFileType = sourcecode.c.objc; path = KVHttpOpration.m; sourceTree = "<group>"; };
		0460981B246D49EC00BA6FD5 /* KVHttpToolInfos.h */ = {isa = PBXFileReference; lastKnownFileType = sourcecode.c.h; path = KVHttpToolInfos.h; sourceTree = "<group>"; };
		0460981C246D49EC00BA6FD5 /* KVHttpToolInfos.m */ = {isa = PBXFileReference; lastKnownFileType = sourcecode.c.objc; path = KVHttpToolInfos.m; sourceTree = "<group>"; };
		049FA91B248BCD92003B61BD /* AppTabbarController.h */ = {isa = PBXFileReference; lastKnownFileType = sourcecode.c.h; path = AppTabbarController.h; sourceTree = "<group>"; };
		049FA91C248BCD92003B61BD /* AppTabbarController.m */ = {isa = PBXFileReference; lastKnownFileType = sourcecode.c.objc; path = AppTabbarController.m; sourceTree = "<group>"; };
		049FA91E248BCDB9003B61BD /* AppNavigationController.h */ = {isa = PBXFileReference; lastKnownFileType = sourcecode.c.h; path = AppNavigationController.h; sourceTree = "<group>"; };
		049FA91F248BCDB9003B61BD /* AppNavigationController.m */ = {isa = PBXFileReference; lastKnownFileType = sourcecode.c.objc; path = AppNavigationController.m; sourceTree = "<group>"; };
		049FA922248BCE1B003B61BD /* ChannelViewController.m */ = {isa = PBXFileReference; fileEncoding = 4; lastKnownFileType = sourcecode.c.objc; path = ChannelViewController.m; sourceTree = "<group>"; };
		049FA923248BCE1B003B61BD /* ChannelViewController.h */ = {isa = PBXFileReference; fileEncoding = 4; lastKnownFileType = sourcecode.c.h; path = ChannelViewController.h; sourceTree = "<group>"; };
		049FA925248BCE1C003B61BD /* DiscoverViewController.h */ = {isa = PBXFileReference; fileEncoding = 4; lastKnownFileType = sourcecode.c.h; path = DiscoverViewController.h; sourceTree = "<group>"; };
		049FA926248BCE1C003B61BD /* DiscoverViewController.m */ = {isa = PBXFileReference; fileEncoding = 4; lastKnownFileType = sourcecode.c.objc; path = DiscoverViewController.m; sourceTree = "<group>"; };
		049FA928248BCE1C003B61BD /* PersonalViewController.h */ = {isa = PBXFileReference; fileEncoding = 4; lastKnownFileType = sourcecode.c.h; path = PersonalViewController.h; sourceTree = "<group>"; };
		049FA929248BCE1C003B61BD /* PersonalViewController.m */ = {isa = PBXFileReference; fileEncoding = 4; lastKnownFileType = sourcecode.c.objc; path = PersonalViewController.m; sourceTree = "<group>"; };
		049FA92E248BD07C003B61BD /* AppViewController.h */ = {isa = PBXFileReference; lastKnownFileType = sourcecode.c.h; path = AppViewController.h; sourceTree = "<group>"; };
		049FA92F248BD07C003B61BD /* AppViewController.m */ = {isa = PBXFileReference; lastKnownFileType = sourcecode.c.objc; path = AppViewController.m; sourceTree = "<group>"; };
		0D32C6FFADBA6601939A87F6 /* Pods-kvtemplate-kvtemplateUITests.debug.xcconfig */ = {isa = PBXFileReference; includeInIndex = 1; lastKnownFileType = text.xcconfig; name = "Pods-kvtemplate-kvtemplateUITests.debug.xcconfig"; path = "Target Support Files/Pods-kvtemplate-kvtemplateUITests/Pods-kvtemplate-kvtemplateUITests.debug.xcconfig"; sourceTree = "<group>"; };
		37C03827A0F330876CB317AF /* Pods_kvtemplate.framework */ = {isa = PBXFileReference; explicitFileType = wrapper.framework; includeInIndex = 0; path = Pods_kvtemplate.framework; sourceTree = BUILT_PRODUCTS_DIR; };
		4064FF0390EA78F4D5679892 /* Pods-kvtemplateTests.debug.xcconfig */ = {isa = PBXFileReference; includeInIndex = 1; lastKnownFileType = text.xcconfig; name = "Pods-kvtemplateTests.debug.xcconfig"; path = "Target Support Files/Pods-kvtemplateTests/Pods-kvtemplateTests.debug.xcconfig"; sourceTree = "<group>"; };
		60E9EAC16295C0EE9FD0F7E7 /* Pods-kvtemplate.release.xcconfig */ = {isa = PBXFileReference; includeInIndex = 1; lastKnownFileType = text.xcconfig; name = "Pods-kvtemplate.release.xcconfig"; path = "Target Support Files/Pods-kvtemplate/Pods-kvtemplate.release.xcconfig"; sourceTree = "<group>"; };
		8C483880CB027192F0362F3D /* Pods-kvtemplate-kvtemplateUITests.release.xcconfig */ = {isa = PBXFileReference; includeInIndex = 1; lastKnownFileType = text.xcconfig; name = "Pods-kvtemplate-kvtemplateUITests.release.xcconfig"; path = "Target Support Files/Pods-kvtemplate-kvtemplateUITests/Pods-kvtemplate-kvtemplateUITests.release.xcconfig"; sourceTree = "<group>"; };
		B49630D0448590691B6B4CB2 /* Pods-kvtemplate.debug.xcconfig */ = {isa = PBXFileReference; includeInIndex = 1; lastKnownFileType = text.xcconfig; name = "Pods-kvtemplate.debug.xcconfig"; path = "Target Support Files/Pods-kvtemplate/Pods-kvtemplate.debug.xcconfig"; sourceTree = "<group>"; };
		CFA9D26535CA6B8139DC717C /* Pods_kvtemplate_kvtemplateUITests.framework */ = {isa = PBXFileReference; explicitFileType = wrapper.framework; includeInIndex = 0; path = Pods_kvtemplate_kvtemplateUITests.framework; sourceTree = BUILT_PRODUCTS_DIR; };
		D08409416198747B4D09A66B /* Pods_kvtemplateTests.framework */ = {isa = PBXFileReference; explicitFileType = wrapper.framework; includeInIndex = 0; path = Pods_kvtemplateTests.framework; sourceTree = BUILT_PRODUCTS_DIR; };
		F4168D1B1BC0B8D2675FB22B /* Pods-kvtemplateTests.release.xcconfig */ = {isa = PBXFileReference; includeInIndex = 1; lastKnownFileType = text.xcconfig; name = "Pods-kvtemplateTests.release.xcconfig"; path = "Target Support Files/Pods-kvtemplateTests/Pods-kvtemplateTests.release.xcconfig"; sourceTree = "<group>"; };
/* End PBXFileReference section */

/* Begin PBXFrameworksBuildPhase section */
		04609784246C31A600BA6FD5 /* Frameworks */ = {
			isa = PBXFrameworksBuildPhase;
			buildActionMask = 2147483647;
			files = (
				3D17287909FE42D4E2FA0092 /* Pods_kvtemplate.framework in Frameworks */,
			);
			runOnlyForDeploymentPostprocessing = 0;
		};
		0460979F246C31AB00BA6FD5 /* Frameworks */ = {
			isa = PBXFrameworksBuildPhase;
			buildActionMask = 2147483647;
			files = (
				2F5695BBB2BCD2C876B6CA4B /* Pods_kvtemplateTests.framework in Frameworks */,
			);
			runOnlyForDeploymentPostprocessing = 0;
		};
		046097AA246C31AB00BA6FD5 /* Frameworks */ = {
			isa = PBXFrameworksBuildPhase;
			buildActionMask = 2147483647;
			files = (
				D62D71C15E20B2037451AB76 /* Pods_kvtemplate_kvtemplateUITests.framework in Frameworks */,
			);
			runOnlyForDeploymentPostprocessing = 0;
		};
/* End PBXFrameworksBuildPhase section */

/* Begin PBXGroup section */
		0422A7B32495479F004FE1D5 /* stateView */ = {
			isa = PBXGroup;
			children = (
				043A38E92477CE5500FFC960 /* UIView+StateView */,
				043A38EE2477CEB700FFC960 /* KVStateViewProtocol.h */,
				046097D7246C323E00BA6FD5 /* KVDefaultStateView.h */,
				046097DA246C323E00BA6FD5 /* KVDefaultStateView.m */,
				046097DC246C323E00BA6FD5 /* KVDefaultStateView.xib */,
				044EF8D62477D153007F2CB6 /* KVHud.h */,
				044EF8D72477D153007F2CB6 /* KVHud.m */,
				044EF8D92477D1F0007F2CB6 /* KVBaseStateView.h */,
				044EF8DA2477D1F0007F2CB6 /* KVBaseStateView.m */,
			);
			path = stateView;
			sourceTree = "<group>";
		};
		0422A7B524954ADF004FE1D5 /* UIVIew+Context */ = {
			isa = PBXGroup;
			children = (
				045D5D1E247E7B9500C22452 /* UIView+Context.h */,
				045D5D1F247E7B9500C22452 /* UIView+Context.m */,
			);
			path = "UIVIew+Context";
			sourceTree = "<group>";
		};
		0422A7B924954CF4004FE1D5 /* UIViewController+Alert */ = {
			isa = PBXGroup;
			children = (
				0422A7B724954CD4004FE1D5 /* UIViewController+SimpleAlert.h */,
				0422A7B624954CD4004FE1D5 /* UIViewController+SimpleAlert.m */,
			);
			path = "UIViewController+Alert";
			sourceTree = "<group>";
		};
		0422A7BC24954DC0004FE1D5 /* mediator */ = {
			isa = PBXGroup;
			children = (
			);
			path = mediator;
			sourceTree = "<group>";
		};
		0422A7C324955A54004FE1D5 /* objectWeakProperty */ = {
			isa = PBXGroup;
			children = (
				0422A7C524955A96004FE1D5 /* NSObject+WeakProperty.h */,
				0422A7C624955A96004FE1D5 /* NSObject+WeakProperty.m */,
			);
			path = objectWeakProperty;
			sourceTree = "<group>";
		};
		0422A81524961448004FE1D5 /* toast */ = {
			isa = PBXGroup;
			children = (
			);
			path = toast;
			sourceTree = "<group>";
		};
		0422A81924962024004FE1D5 /* home（首页） */ = {
			isa = PBXGroup;
			children = (
				046097D0246C323E00BA6FD5 /* HomeViewController.h */,
				046097CE246C323E00BA6FD5 /* HomeViewController.m */,
				046097CF246C323E00BA6FD5 /* HomePresent.h */,
				046097CD246C323E00BA6FD5 /* HomePresent.m */,
			);
			path = "home（首页）";
			sourceTree = "<group>";
		};
		0422A81A24962031004FE1D5 /* detail（详情页） */ = {
			isa = PBXGroup;
			children = (
				0422A81B24962057004FE1D5 /* DetailViewController.h */,
				0422A81C24962057004FE1D5 /* DetailViewController.m */,
			);
			path = "detail（详情页）";
			sourceTree = "<group>";
		};
		0422A81E249620C8004FE1D5 /* router */ = {
			isa = PBXGroup;
			children = (
				0422A81F249620DB004FE1D5 /* CTMediator+Router.h */,
				0422A820249620DB004FE1D5 /* CTMediator+Router.m */,
				0422A822249620EC004FE1D5 /* CTMediator+Detail.h */,
				0422A823249620EC004FE1D5 /* CTMediator+Detail.m */,
			);
			path = router;
			sourceTree = "<group>";
		};
		0422A8252496490E004FE1D5 /* theme */ = {
			isa = PBXGroup;
			children = (
				0422A82E2496506E004FE1D5 /* Json */,
				0422A8262496492B004FE1D5 /* Global.h */,
				0422A8272496492B004FE1D5 /* MyThemes.h */,
				0422A8282496492C004FE1D5 /* MyThemes.m */,
			);
			path = theme;
			sourceTree = "<group>";
		};
		0422A82A24964A3C004FE1D5 /* theme */ = {
			isa = PBXGroup;
			children = (
				0422A82B24964A75004FE1D5 /* KVThemeMap.h */,
				0422A82C24964A75004FE1D5 /* KVThemeMap.m */,
			);
			path = theme;
			sourceTree = "<group>";
		};
		0422A82E2496506E004FE1D5 /* Json */ = {
			isa = PBXGroup;
			children = (
				0422A82F2496506E004FE1D5 /* Red.json */,
				0422A8302496506E004FE1D5 /* Night.json */,
				0422A8312496506E004FE1D5 /* Yellow.json */,
			);
			path = Json;
			sourceTree = "<group>";
		};
		043A38E92477CE5500FFC960 /* UIView+StateView */ = {
			isa = PBXGroup;
			children = (
				043A38EA2477CE7F00FFC960 /* UIView+KVState.h */,
				043A38EB2477CE7F00FFC960 /* UIView+KVState.m */,
			);
			path = "UIView+StateView";
			sourceTree = "<group>";
		};
		045D5D2A247EAE5200C22452 /* alert */ = {
			isa = PBXGroup;
			children = (
				0422A7B924954CF4004FE1D5 /* UIViewController+Alert */,
			);
			path = alert;
			sourceTree = "<group>";
		};
		0460977E246C31A600BA6FD5 = {
			isa = PBXGroup;
			children = (
				04609789246C31A600BA6FD5 /* kvtemplate */,
				046097A5246C31AB00BA6FD5 /* kvtemplateTests */,
				046097B0246C31AB00BA6FD5 /* kvtemplateUITests */,
				04609788246C31A600BA6FD5 /* Products */,
				4A191CC8EBB995D7E8440881 /* Pods */,
				75B42AEE7BB5AF10B5700E03 /* Frameworks */,
			);
			sourceTree = "<group>";
		};
		04609788246C31A600BA6FD5 /* Products */ = {
			isa = PBXGroup;
			children = (
				04609787246C31A600BA6FD5 /* kvtemplate.app */,
				046097A2246C31AB00BA6FD5 /* kvtemplateTests.xctest */,
				046097AD246C31AB00BA6FD5 /* kvtemplateUITests.xctest */,
			);
			name = Products;
			sourceTree = "<group>";
		};
		04609789246C31A600BA6FD5 /* kvtemplate */ = {
			isa = PBXGroup;
			children = (
				046097BF246C31BD00BA6FD5 /* src */,
				04609790246C31A600BA6FD5 /* ViewController.h */,
				04609791246C31A600BA6FD5 /* ViewController.m */,
				04609793246C31A600BA6FD5 /* Main.storyboard */,
				04609796246C31AB00BA6FD5 /* Assets.xcassets */,
				04609798246C31AB00BA6FD5 /* LaunchScreen.storyboard */,
				0460979B246C31AB00BA6FD5 /* Info.plist */,
				0460979C246C31AB00BA6FD5 /* main.m */,
			);
			path = kvtemplate;
			sourceTree = "<group>";
		};
		046097A5246C31AB00BA6FD5 /* kvtemplateTests */ = {
			isa = PBXGroup;
			children = (
				046097A6246C31AB00BA6FD5 /* kvtemplateTests.m */,
				046097A8246C31AB00BA6FD5 /* Info.plist */,
			);
			path = kvtemplateTests;
			sourceTree = "<group>";
		};
		046097B0246C31AB00BA6FD5 /* kvtemplateUITests */ = {
			isa = PBXGroup;
			children = (
				046097B1246C31AB00BA6FD5 /* kvtemplateUITests.m */,
				046097B3246C31AB00BA6FD5 /* Info.plist */,
			);
			path = kvtemplateUITests;
			sourceTree = "<group>";
		};
		046097BF246C31BD00BA6FD5 /* src */ = {
			isa = PBXGroup;
			children = (
				046097C0246C31C200BA6FD5 /* global */,
				046097D3246C323E00BA6FD5 /* kvkit */,
				046097F5246C323E00BA6FD5 /* compoents */,
				046097CB246C323E00BA6FD5 /* sections */,
			);
			path = src;
			sourceTree = "<group>";
		};
		046097C0246C31C200BA6FD5 /* global */ = {
			isa = PBXGroup;
			children = (
				046097C4246C320400BA6FD5 /* appDelegate */,
				046097C1246C31CB00BA6FD5 /* pch */,
			);
			path = global;
			sourceTree = "<group>";
		};
		046097C1246C31CB00BA6FD5 /* pch */ = {
			isa = PBXGroup;
			children = (
				044EF8DE2477D759007F2CB6 /* define.h */,
				046097C3246C31E400BA6FD5 /* pch.pch */,
				046097C2246C31E400BA6FD5 /* Strings.h */,
			);
			path = pch;
			sourceTree = "<group>";
		};
		046097C4246C320400BA6FD5 /* appDelegate */ = {
			isa = PBXGroup;
			children = (
				046097C6246C321D00BA6FD5 /* AppDelegate.h */,
				046097C7246C321D00BA6FD5 /* AppDelegate.m */,
				046097C8246C321D00BA6FD5 /* SceneDelegate.h */,
				046097C5246C321D00BA6FD5 /* SceneDelegate.m */,
			);
			path = appDelegate;
			sourceTree = "<group>";
		};
		046097CB246C323E00BA6FD5 /* sections */ = {
			isa = PBXGroup;
			children = (
				049FA921248BCE1B003B61BD /* chnnel */,
				049FA924248BCE1C003B61BD /* discover */,
				049FA927248BCE1C003B61BD /* personal */,
				046097CC246C323E00BA6FD5 /* home */,
			);
			path = sections;
			sourceTree = "<group>";
		};
		046097CC246C323E00BA6FD5 /* home */ = {
			isa = PBXGroup;
			children = (
				0422A81A24962031004FE1D5 /* detail（详情页） */,
				0422A81924962024004FE1D5 /* home（首页） */,
			);
			path = home;
			sourceTree = "<group>";
		};
		046097D3246C323E00BA6FD5 /* kvkit */ = {
			isa = PBXGroup;
			children = (
				045D5D21247E7D2400C22452 /* KVKitExportHeader.h */,
				046097D4246C323E00BA6FD5 /* ui */,
				046097E4246C323E00BA6FD5 /* foundation */,
				044EF8DF2477D890007F2CB6 /* KVKitHeader.h */,
			);
			path = kvkit;
			sourceTree = "<group>";
		};
		046097D4246C323E00BA6FD5 /* ui */ = {
			isa = PBXGroup;
			children = (
				0422A82A24964A3C004FE1D5 /* theme */,
				045D5D2A247EAE5200C22452 /* alert */,
				046097E0246C323E00BA6FD5 /* toast */,
				0422A7B32495479F004FE1D5 /* stateView */,
				0422A7B524954ADF004FE1D5 /* UIVIew+Context */,
				046097D5246C323E00BA6FD5 /* tableView */,
			);
			path = ui;
			sourceTree = "<group>";
		};
		046097D5246C323E00BA6FD5 /* tableView */ = {
			isa = PBXGroup;
			children = (
				046097DD246C323E00BA6FD5 /* KVTableView.h */,
				046097D9246C323E00BA6FD5 /* KVTableView.m */,
				046097DB246C323E00BA6FD5 /* KVTableViewAdapter.h */,
				046097D6246C323E00BA6FD5 /* KVTableViewAdapter.m */,
				046097DE246C323E00BA6FD5 /* KVTableViewProtocol.h */,
				0422A7CE2495F1B2004FE1D5 /* UITableView+KVTableViewProtocol.h */,
				0422A7CF2495F1B2004FE1D5 /* UITableView+KVTableViewProtocol.m */,
			);
			path = tableView;
			sourceTree = "<group>";
		};
		046097E0246C323E00BA6FD5 /* toast */ = {
			isa = PBXGroup;
			children = (
				046097E3246C323E00BA6FD5 /* KVToastViewProtocol.h */,
				046097E1246C323E00BA6FD5 /* KVToast.h */,
				046097E2246C323E00BA6FD5 /* KVToast.m */,
			);
			path = toast;
			sourceTree = "<group>";
		};
		046097E4246C323E00BA6FD5 /* foundation */ = {
			isa = PBXGroup;
			children = (
				0422A7C324955A54004FE1D5 /* objectWeakProperty */,
				046097E5246C323E00BA6FD5 /* network */,
				046097F1246C323E00BA6FD5 /* storege */,
				04609813246D273000BA6FD5 /* operation */,
				046097F4246C323E00BA6FD5 /* NSObject */,
			);
			path = foundation;
			sourceTree = "<group>";
		};
		046097E5246C323E00BA6FD5 /* network */ = {
			isa = PBXGroup;
			children = (
				0460981B246D49EC00BA6FD5 /* KVHttpToolInfos.h */,
				0460981C246D49EC00BA6FD5 /* KVHttpToolInfos.m */,
				04609818246D49D800BA6FD5 /* KVHttpOpration.h */,
				04609819246D49D800BA6FD5 /* KVHttpOpration.m */,
				046097E8246C323E00BA6FD5 /* KVHttpTool.h */,
				046097EC246C323E00BA6FD5 /* KVHttpTool.m */,
				046097EF246C323E00BA6FD5 /* KVHttpTool+Business.h */,
				046097EA246C323E00BA6FD5 /* KVHttpTool+Business.m */,
				046097E6246C323E00BA6FD5 /* KVHttpTool+MISC.h */,
				046097EB246C323E00BA6FD5 /* KVHttpTool+MISC.m */,
				046097E9246C323E00BA6FD5 /* KVHttpToolCache.h */,
				046097EE246C323E00BA6FD5 /* KVHttpToolCache.m */,
				046097ED246C323E00BA6FD5 /* KVHttpToolCacheImp.h */,
				046097E7246C323E00BA6FD5 /* KVHttpToolCacheImp.m */,
				046097F0246C323E00BA6FD5 /* KVHttpToolHeader.h */,
			);
			path = network;
			sourceTree = "<group>";
		};
		046097F1246C323E00BA6FD5 /* storege */ = {
			isa = PBXGroup;
			children = (
				0460980C246C40E000BA6FD5 /* KVStoregeProtocol.h */,
				0460980D246C425000BA6FD5 /* KVStorege.h */,
				0460980E246C425000BA6FD5 /* KVStorege.m */,
			);
			path = storege;
			sourceTree = "<group>";
		};
		046097F4246C323E00BA6FD5 /* NSObject */ = {
			isa = PBXGroup;
			children = (
				04609811246C515400BA6FD5 /* NSObject+WeakObserve.h */,
				04609810246C515400BA6FD5 /* NSObject+WeakObserve.m */,
			);
			path = NSObject;
			sourceTree = "<group>";
		};
		046097F5246C323E00BA6FD5 /* compoents */ = {
			isa = PBXGroup;
			children = (
				0422A8252496490E004FE1D5 /* theme */,
				0422A81E249620C8004FE1D5 /* router */,
				0422A81524961448004FE1D5 /* toast */,
				0422A7BC24954DC0004FE1D5 /* mediator */,
				049FA92D248BD06E003B61BD /* controller */,
				046097F6246C323E00BA6FD5 /* tableView */,
				046097F9246C323E00BA6FD5 /* network */,
			);
			path = compoents;
			sourceTree = "<group>";
		};
		046097F6246C323E00BA6FD5 /* tableView */ = {
			isa = PBXGroup;
			children = (
				045D5D25247E9D9700C22452 /* AppTableViewStateView.h */,
				045D5D26247E9D9700C22452 /* AppTableViewStateView.m */,
				045D5D28247E9DA000C22452 /* AppTableViewStateView.xib */,
			);
			path = tableView;
			sourceTree = "<group>";
		};
		046097F9246C323E00BA6FD5 /* network */ = {
			isa = PBXGroup;
			children = (
				046097FA246C323E00BA6FD5 /* AppNetworking.h */,
				046097FB246C323E00BA6FD5 /* AppNetworking.m */,
			);
			path = network;
			sourceTree = "<group>";
		};
		04609813246D273000BA6FD5 /* operation */ = {
			isa = PBXGroup;
			children = (
				04609815246D276500BA6FD5 /* KVOperation.h */,
				04609816246D276500BA6FD5 /* KVOperation.m */,
			);
			path = operation;
			sourceTree = "<group>";
		};
		049FA921248BCE1B003B61BD /* chnnel */ = {
			isa = PBXGroup;
			children = (
				049FA923248BCE1B003B61BD /* ChannelViewController.h */,
				049FA922248BCE1B003B61BD /* ChannelViewController.m */,
			);
			path = chnnel;
			sourceTree = "<group>";
		};
		049FA924248BCE1C003B61BD /* discover */ = {
			isa = PBXGroup;
			children = (
				049FA925248BCE1C003B61BD /* DiscoverViewController.h */,
				049FA926248BCE1C003B61BD /* DiscoverViewController.m */,
			);
			path = discover;
			sourceTree = "<group>";
		};
		049FA927248BCE1C003B61BD /* personal */ = {
			isa = PBXGroup;
			children = (
				049FA928248BCE1C003B61BD /* PersonalViewController.h */,
				049FA929248BCE1C003B61BD /* PersonalViewController.m */,
			);
			path = personal;
			sourceTree = "<group>";
		};
		049FA92D248BD06E003B61BD /* controller */ = {
			isa = PBXGroup;
			children = (
				049FA92E248BD07C003B61BD /* AppViewController.h */,
				049FA92F248BD07C003B61BD /* AppViewController.m */,
				049FA91B248BCD92003B61BD /* AppTabbarController.h */,
				049FA91C248BCD92003B61BD /* AppTabbarController.m */,
				049FA91E248BCDB9003B61BD /* AppNavigationController.h */,
				049FA91F248BCDB9003B61BD /* AppNavigationController.m */,
			);
			path = controller;
			sourceTree = "<group>";
		};
		4A191CC8EBB995D7E8440881 /* Pods */ = {
			isa = PBXGroup;
			children = (
				B49630D0448590691B6B4CB2 /* Pods-kvtemplate.debug.xcconfig */,
				60E9EAC16295C0EE9FD0F7E7 /* Pods-kvtemplate.release.xcconfig */,
				0D32C6FFADBA6601939A87F6 /* Pods-kvtemplate-kvtemplateUITests.debug.xcconfig */,
				8C483880CB027192F0362F3D /* Pods-kvtemplate-kvtemplateUITests.release.xcconfig */,
				4064FF0390EA78F4D5679892 /* Pods-kvtemplateTests.debug.xcconfig */,
				F4168D1B1BC0B8D2675FB22B /* Pods-kvtemplateTests.release.xcconfig */,
			);
			path = Pods;
			sourceTree = "<group>";
		};
		75B42AEE7BB5AF10B5700E03 /* Frameworks */ = {
			isa = PBXGroup;
			children = (
				37C03827A0F330876CB317AF /* Pods_kvtemplate.framework */,
				CFA9D26535CA6B8139DC717C /* Pods_kvtemplate_kvtemplateUITests.framework */,
				D08409416198747B4D09A66B /* Pods_kvtemplateTests.framework */,
			);
			name = Frameworks;
			sourceTree = "<group>";
		};
/* End PBXGroup section */

/* Begin PBXNativeTarget section */
		04609786246C31A600BA6FD5 /* kvtemplate */ = {
			isa = PBXNativeTarget;
			buildConfigurationList = 046097B6246C31AB00BA6FD5 /* Build configuration list for PBXNativeTarget "kvtemplate" */;
			buildPhases = (
				D658D3B2B365E1235F16D871 /* [CP] Check Pods Manifest.lock */,
				04609783246C31A600BA6FD5 /* Sources */,
				04609784246C31A600BA6FD5 /* Frameworks */,
				04609785246C31A600BA6FD5 /* Resources */,
				D1B246D2433F9C609B5041AA /* [CP] Embed Pods Frameworks */,
			);
			buildRules = (
			);
			dependencies = (
			);
			name = kvtemplate;
			productName = kvtemplate;
			productReference = 04609787246C31A600BA6FD5 /* kvtemplate.app */;
			productType = "com.apple.product-type.application";
		};
		046097A1246C31AB00BA6FD5 /* kvtemplateTests */ = {
			isa = PBXNativeTarget;
			buildConfigurationList = 046097B9246C31AB00BA6FD5 /* Build configuration list for PBXNativeTarget "kvtemplateTests" */;
			buildPhases = (
				A6E79F4E7A9AB089DD936AD5 /* [CP] Check Pods Manifest.lock */,
				0460979E246C31AB00BA6FD5 /* Sources */,
				0460979F246C31AB00BA6FD5 /* Frameworks */,
				046097A0246C31AB00BA6FD5 /* Resources */,
			);
			buildRules = (
			);
			dependencies = (
				046097A4246C31AB00BA6FD5 /* PBXTargetDependency */,
			);
			name = kvtemplateTests;
			productName = kvtemplateTests;
			productReference = 046097A2246C31AB00BA6FD5 /* kvtemplateTests.xctest */;
			productType = "com.apple.product-type.bundle.unit-test";
		};
		046097AC246C31AB00BA6FD5 /* kvtemplateUITests */ = {
			isa = PBXNativeTarget;
			buildConfigurationList = 046097BC246C31AB00BA6FD5 /* Build configuration list for PBXNativeTarget "kvtemplateUITests" */;
			buildPhases = (
				F0AAEF94FD788F6B80519965 /* [CP] Check Pods Manifest.lock */,
				046097A9246C31AB00BA6FD5 /* Sources */,
				046097AA246C31AB00BA6FD5 /* Frameworks */,
				046097AB246C31AB00BA6FD5 /* Resources */,
				2B8D5529003BA7BE62836B81 /* [CP] Embed Pods Frameworks */,
			);
			buildRules = (
			);
			dependencies = (
				046097AF246C31AB00BA6FD5 /* PBXTargetDependency */,
			);
			name = kvtemplateUITests;
			productName = kvtemplateUITests;
			productReference = 046097AD246C31AB00BA6FD5 /* kvtemplateUITests.xctest */;
			productType = "com.apple.product-type.bundle.ui-testing";
		};
/* End PBXNativeTarget section */

/* Begin PBXProject section */
		0460977F246C31A600BA6FD5 /* Project object */ = {
			isa = PBXProject;
			attributes = {
				LastUpgradeCheck = 1140;
				ORGANIZATIONNAME = kevin;
				TargetAttributes = {
					04609786246C31A600BA6FD5 = {
						CreatedOnToolsVersion = 11.4.1;
					};
					046097A1246C31AB00BA6FD5 = {
						CreatedOnToolsVersion = 11.4.1;
						TestTargetID = 04609786246C31A600BA6FD5;
					};
					046097AC246C31AB00BA6FD5 = {
						CreatedOnToolsVersion = 11.4.1;
						TestTargetID = 04609786246C31A600BA6FD5;
					};
				};
			};
			buildConfigurationList = 04609782246C31A600BA6FD5 /* Build configuration list for PBXProject "kvtemplate" */;
			compatibilityVersion = "Xcode 9.3";
			developmentRegion = en;
			hasScannedForEncodings = 0;
			knownRegions = (
				en,
				Base,
			);
			mainGroup = 0460977E246C31A600BA6FD5;
			productRefGroup = 04609788246C31A600BA6FD5 /* Products */;
			projectDirPath = "";
			projectRoot = "";
			targets = (
				04609786246C31A600BA6FD5 /* kvtemplate */,
				046097A1246C31AB00BA6FD5 /* kvtemplateTests */,
				046097AC246C31AB00BA6FD5 /* kvtemplateUITests */,
			);
		};
/* End PBXProject section */

/* Begin PBXResourcesBuildPhase section */
		04609785246C31A600BA6FD5 /* Resources */ = {
			isa = PBXResourcesBuildPhase;
			buildActionMask = 2147483647;
			files = (
				0460979A246C31AB00BA6FD5 /* LaunchScreen.storyboard in Resources */,
				04609802246C323E00BA6FD5 /* KVDefaultStateView.xib in Resources */,
				04609797246C31AB00BA6FD5 /* Assets.xcassets in Resources */,
				0422A8322496506E004FE1D5 /* Red.json in Resources */,
				04609795246C31A600BA6FD5 /* Main.storyboard in Resources */,
				0422A8332496506E004FE1D5 /* Night.json in Resources */,
				045D5D29247E9DA000C22452 /* AppTableViewStateView.xib in Resources */,
				0422A8342496506E004FE1D5 /* Yellow.json in Resources */,
			);
			runOnlyForDeploymentPostprocessing = 0;
		};
		046097A0246C31AB00BA6FD5 /* Resources */ = {
			isa = PBXResourcesBuildPhase;
			buildActionMask = 2147483647;
			files = (
			);
			runOnlyForDeploymentPostprocessing = 0;
		};
		046097AB246C31AB00BA6FD5 /* Resources */ = {
			isa = PBXResourcesBuildPhase;
			buildActionMask = 2147483647;
			files = (
			);
			runOnlyForDeploymentPostprocessing = 0;
		};
/* End PBXResourcesBuildPhase section */

/* Begin PBXShellScriptBuildPhase section */
		2B8D5529003BA7BE62836B81 /* [CP] Embed Pods Frameworks */ = {
			isa = PBXShellScriptBuildPhase;
			buildActionMask = 2147483647;
			files = (
			);
			inputFileListPaths = (
				"${PODS_ROOT}/Target Support Files/Pods-kvtemplate-kvtemplateUITests/Pods-kvtemplate-kvtemplateUITests-frameworks-${CONFIGURATION}-input-files.xcfilelist",
			);
			name = "[CP] Embed Pods Frameworks";
			outputFileListPaths = (
				"${PODS_ROOT}/Target Support Files/Pods-kvtemplate-kvtemplateUITests/Pods-kvtemplate-kvtemplateUITests-frameworks-${CONFIGURATION}-output-files.xcfilelist",
			);
			runOnlyForDeploymentPostprocessing = 0;
			shellPath = /bin/sh;
			shellScript = "\"${PODS_ROOT}/Target Support Files/Pods-kvtemplate-kvtemplateUITests/Pods-kvtemplate-kvtemplateUITests-frameworks.sh\"\n";
			showEnvVarsInLog = 0;
		};
		A6E79F4E7A9AB089DD936AD5 /* [CP] Check Pods Manifest.lock */ = {
			isa = PBXShellScriptBuildPhase;
			buildActionMask = 2147483647;
			files = (
			);
			inputFileListPaths = (
			);
			inputPaths = (
				"${PODS_PODFILE_DIR_PATH}/Podfile.lock",
				"${PODS_ROOT}/Manifest.lock",
			);
			name = "[CP] Check Pods Manifest.lock";
			outputFileListPaths = (
			);
			outputPaths = (
				"$(DERIVED_FILE_DIR)/Pods-kvtemplateTests-checkManifestLockResult.txt",
			);
			runOnlyForDeploymentPostprocessing = 0;
			shellPath = /bin/sh;
			shellScript = "diff \"${PODS_PODFILE_DIR_PATH}/Podfile.lock\" \"${PODS_ROOT}/Manifest.lock\" > /dev/null\nif [ $? != 0 ] ; then\n    # print error to STDERR\n    echo \"error: The sandbox is not in sync with the Podfile.lock. Run 'pod install' or update your CocoaPods installation.\" >&2\n    exit 1\nfi\n# This output is used by Xcode 'outputs' to avoid re-running this script phase.\necho \"SUCCESS\" > \"${SCRIPT_OUTPUT_FILE_0}\"\n";
			showEnvVarsInLog = 0;
		};
		D1B246D2433F9C609B5041AA /* [CP] Embed Pods Frameworks */ = {
			isa = PBXShellScriptBuildPhase;
			buildActionMask = 2147483647;
			files = (
			);
			inputFileListPaths = (
				"${PODS_ROOT}/Target Support Files/Pods-kvtemplate/Pods-kvtemplate-frameworks-${CONFIGURATION}-input-files.xcfilelist",
			);
			name = "[CP] Embed Pods Frameworks";
			outputFileListPaths = (
				"${PODS_ROOT}/Target Support Files/Pods-kvtemplate/Pods-kvtemplate-frameworks-${CONFIGURATION}-output-files.xcfilelist",
			);
			runOnlyForDeploymentPostprocessing = 0;
			shellPath = /bin/sh;
			shellScript = "\"${PODS_ROOT}/Target Support Files/Pods-kvtemplate/Pods-kvtemplate-frameworks.sh\"\n";
			showEnvVarsInLog = 0;
		};
		D658D3B2B365E1235F16D871 /* [CP] Check Pods Manifest.lock */ = {
			isa = PBXShellScriptBuildPhase;
			buildActionMask = 2147483647;
			files = (
			);
			inputFileListPaths = (
			);
			inputPaths = (
				"${PODS_PODFILE_DIR_PATH}/Podfile.lock",
				"${PODS_ROOT}/Manifest.lock",
			);
			name = "[CP] Check Pods Manifest.lock";
			outputFileListPaths = (
			);
			outputPaths = (
				"$(DERIVED_FILE_DIR)/Pods-kvtemplate-checkManifestLockResult.txt",
			);
			runOnlyForDeploymentPostprocessing = 0;
			shellPath = /bin/sh;
			shellScript = "diff \"${PODS_PODFILE_DIR_PATH}/Podfile.lock\" \"${PODS_ROOT}/Manifest.lock\" > /dev/null\nif [ $? != 0 ] ; then\n    # print error to STDERR\n    echo \"error: The sandbox is not in sync with the Podfile.lock. Run 'pod install' or update your CocoaPods installation.\" >&2\n    exit 1\nfi\n# This output is used by Xcode 'outputs' to avoid re-running this script phase.\necho \"SUCCESS\" > \"${SCRIPT_OUTPUT_FILE_0}\"\n";
			showEnvVarsInLog = 0;
		};
		F0AAEF94FD788F6B80519965 /* [CP] Check Pods Manifest.lock */ = {
			isa = PBXShellScriptBuildPhase;
			buildActionMask = 2147483647;
			files = (
			);
			inputFileListPaths = (
			);
			inputPaths = (
				"${PODS_PODFILE_DIR_PATH}/Podfile.lock",
				"${PODS_ROOT}/Manifest.lock",
			);
			name = "[CP] Check Pods Manifest.lock";
			outputFileListPaths = (
			);
			outputPaths = (
				"$(DERIVED_FILE_DIR)/Pods-kvtemplate-kvtemplateUITests-checkManifestLockResult.txt",
			);
			runOnlyForDeploymentPostprocessing = 0;
			shellPath = /bin/sh;
			shellScript = "diff \"${PODS_PODFILE_DIR_PATH}/Podfile.lock\" \"${PODS_ROOT}/Manifest.lock\" > /dev/null\nif [ $? != 0 ] ; then\n    # print error to STDERR\n    echo \"error: The sandbox is not in sync with the Podfile.lock. Run 'pod install' or update your CocoaPods installation.\" >&2\n    exit 1\nfi\n# This output is used by Xcode 'outputs' to avoid re-running this script phase.\necho \"SUCCESS\" > \"${SCRIPT_OUTPUT_FILE_0}\"\n";
			showEnvVarsInLog = 0;
		};
/* End PBXShellScriptBuildPhase section */

/* Begin PBXSourcesBuildPhase section */
		04609783246C31A600BA6FD5 /* Sources */ = {
			isa = PBXSourcesBuildPhase;
			buildActionMask = 2147483647;
			files = (
				04609804246C323F00BA6FD5 /* KVHttpToolCacheImp.m in Sources */,
				049FA930248BD07C003B61BD /* AppViewController.m in Sources */,
				0460980F246C425000BA6FD5 /* KVStorege.m in Sources */,
				04609817246D276500BA6FD5 /* KVOperation.m in Sources */,
				046097FE246C323E00BA6FD5 /* KVTableViewAdapter.m in Sources */,
				0460981D246D49EC00BA6FD5 /* KVHttpToolInfos.m in Sources */,
				045D5D27247E9D9700C22452 /* AppTableViewStateView.m in Sources */,
				0422A7B824954CD4004FE1D5 /* UIViewController+SimpleAlert.m in Sources */,
				049FA92A248BCE1C003B61BD /* ChannelViewController.m in Sources */,
				0422A82D24964A75004FE1D5 /* KVThemeMap.m in Sources */,
				04609803246C323E00BA6FD5 /* KVToast.m in Sources */,
				04609801246C323E00BA6FD5 /* KVDefaultStateView.m in Sources */,
				0422A821249620DB004FE1D5 /* CTMediator+Router.m in Sources */,
				0422A81D24962057004FE1D5 /* DetailViewController.m in Sources */,
				046097FC246C323E00BA6FD5 /* HomePresent.m in Sources */,
				049FA920248BCDB9003B61BD /* AppNavigationController.m in Sources */,
				0460980B246C323F00BA6FD5 /* AppNetworking.m in Sources */,
				04609792246C31A600BA6FD5 /* ViewController.m in Sources */,
				045D5D20247E7B9500C22452 /* UIView+Context.m in Sources */,
				0422A8292496492C004FE1D5 /* MyThemes.m in Sources */,
				04609807246C323F00BA6FD5 /* KVHttpTool.m in Sources */,
				044EF8DB2477D1F0007F2CB6 /* KVBaseStateView.m in Sources */,
				04609806246C323F00BA6FD5 /* KVHttpTool+MISC.m in Sources */,
				044EF8D82477D153007F2CB6 /* KVHud.m in Sources */,
				04609805246C323F00BA6FD5 /* KVHttpTool+Business.m in Sources */,
				049FA92B248BCE1C003B61BD /* DiscoverViewController.m in Sources */,
				04609800246C323E00BA6FD5 /* KVTableView.m in Sources */,
				0460981A246D49D800BA6FD5 /* KVHttpOpration.m in Sources */,
				049FA92C248BCE1C003B61BD /* PersonalViewController.m in Sources */,
				043A38EC2477CE7F00FFC960 /* UIView+KVState.m in Sources */,
				049FA91D248BCD92003B61BD /* AppTabbarController.m in Sources */,
				0422A7D02495F1B2004FE1D5 /* UITableView+KVTableViewProtocol.m in Sources */,
				04609812246C515400BA6FD5 /* NSObject+WeakObserve.m in Sources */,
				046097CA246C321D00BA6FD5 /* AppDelegate.m in Sources */,
				0422A824249620EC004FE1D5 /* CTMediator+Detail.m in Sources */,
				046097C9246C321D00BA6FD5 /* SceneDelegate.m in Sources */,
				0460979D246C31AB00BA6FD5 /* main.m in Sources */,
				046097FD246C323E00BA6FD5 /* HomeViewController.m in Sources */,
				04609808246C323F00BA6FD5 /* KVHttpToolCache.m in Sources */,
				0422A7C724955A96004FE1D5 /* NSObject+WeakProperty.m in Sources */,
			);
			runOnlyForDeploymentPostprocessing = 0;
		};
		0460979E246C31AB00BA6FD5 /* Sources */ = {
			isa = PBXSourcesBuildPhase;
			buildActionMask = 2147483647;
			files = (
				046097A7246C31AB00BA6FD5 /* kvtemplateTests.m in Sources */,
			);
			runOnlyForDeploymentPostprocessing = 0;
		};
		046097A9246C31AB00BA6FD5 /* Sources */ = {
			isa = PBXSourcesBuildPhase;
			buildActionMask = 2147483647;
			files = (
				046097B2246C31AB00BA6FD5 /* kvtemplateUITests.m in Sources */,
			);
			runOnlyForDeploymentPostprocessing = 0;
		};
/* End PBXSourcesBuildPhase section */

/* Begin PBXTargetDependency section */
		046097A4246C31AB00BA6FD5 /* PBXTargetDependency */ = {
			isa = PBXTargetDependency;
			target = 04609786246C31A600BA6FD5 /* kvtemplate */;
			targetProxy = 046097A3246C31AB00BA6FD5 /* PBXContainerItemProxy */;
		};
		046097AF246C31AB00BA6FD5 /* PBXTargetDependency */ = {
			isa = PBXTargetDependency;
			target = 04609786246C31A600BA6FD5 /* kvtemplate */;
			targetProxy = 046097AE246C31AB00BA6FD5 /* PBXContainerItemProxy */;
		};
/* End PBXTargetDependency section */

/* Begin PBXVariantGroup section */
		04609793246C31A600BA6FD5 /* Main.storyboard */ = {
			isa = PBXVariantGroup;
			children = (
				04609794246C31A600BA6FD5 /* Base */,
			);
			name = Main.storyboard;
			sourceTree = "<group>";
		};
		04609798246C31AB00BA6FD5 /* LaunchScreen.storyboard */ = {
			isa = PBXVariantGroup;
			children = (
				04609799246C31AB00BA6FD5 /* Base */,
			);
			name = LaunchScreen.storyboard;
			sourceTree = "<group>";
		};
/* End PBXVariantGroup section */

/* Begin XCBuildConfiguration section */
		046097B4246C31AB00BA6FD5 /* Debug */ = {
			isa = XCBuildConfiguration;
			buildSettings = {
				ALWAYS_SEARCH_USER_PATHS = NO;
				CLANG_ANALYZER_NONNULL = YES;
				CLANG_ANALYZER_NUMBER_OBJECT_CONVERSION = YES_AGGRESSIVE;
				CLANG_CXX_LANGUAGE_STANDARD = "gnu++14";
				CLANG_CXX_LIBRARY = "libc++";
				CLANG_ENABLE_MODULES = YES;
				CLANG_ENABLE_OBJC_ARC = YES;
				CLANG_ENABLE_OBJC_WEAK = YES;
				CLANG_WARN_BLOCK_CAPTURE_AUTORELEASING = YES;
				CLANG_WARN_BOOL_CONVERSION = YES;
				CLANG_WARN_COMMA = YES;
				CLANG_WARN_CONSTANT_CONVERSION = YES;
				CLANG_WARN_DEPRECATED_OBJC_IMPLEMENTATIONS = YES;
				CLANG_WARN_DIRECT_OBJC_ISA_USAGE = YES_ERROR;
				CLANG_WARN_DOCUMENTATION_COMMENTS = YES;
				CLANG_WARN_EMPTY_BODY = YES;
				CLANG_WARN_ENUM_CONVERSION = YES;
				CLANG_WARN_INFINITE_RECURSION = YES;
				CLANG_WARN_INT_CONVERSION = YES;
				CLANG_WARN_NON_LITERAL_NULL_CONVERSION = YES;
				CLANG_WARN_OBJC_IMPLICIT_RETAIN_SELF = YES;
				CLANG_WARN_OBJC_LITERAL_CONVERSION = YES;
				CLANG_WARN_OBJC_ROOT_CLASS = YES_ERROR;
				CLANG_WARN_RANGE_LOOP_ANALYSIS = YES;
				CLANG_WARN_STRICT_PROTOTYPES = YES;
				CLANG_WARN_SUSPICIOUS_MOVE = YES;
				CLANG_WARN_UNGUARDED_AVAILABILITY = YES_AGGRESSIVE;
				CLANG_WARN_UNREACHABLE_CODE = YES;
				CLANG_WARN__DUPLICATE_METHOD_MATCH = YES;
				COPY_PHASE_STRIP = NO;
				DEBUG_INFORMATION_FORMAT = dwarf;
				ENABLE_STRICT_OBJC_MSGSEND = YES;
				ENABLE_TESTABILITY = YES;
				GCC_C_LANGUAGE_STANDARD = gnu11;
				GCC_DYNAMIC_NO_PIC = NO;
				GCC_NO_COMMON_BLOCKS = YES;
				GCC_OPTIMIZATION_LEVEL = 0;
				GCC_PREPROCESSOR_DEFINITIONS = (
					"DEBUG=1",
					"$(inherited)",
				);
				GCC_WARN_64_TO_32_BIT_CONVERSION = YES;
				GCC_WARN_ABOUT_RETURN_TYPE = YES_ERROR;
				GCC_WARN_UNDECLARED_SELECTOR = YES;
				GCC_WARN_UNINITIALIZED_AUTOS = YES_AGGRESSIVE;
				GCC_WARN_UNUSED_FUNCTION = YES;
				GCC_WARN_UNUSED_VARIABLE = YES;
				IPHONEOS_DEPLOYMENT_TARGET = 13.4;
				MTL_ENABLE_DEBUG_INFO = INCLUDE_SOURCE;
				MTL_FAST_MATH = YES;
				ONLY_ACTIVE_ARCH = YES;
				SDKROOT = iphoneos;
			};
			name = Debug;
		};
		046097B5246C31AB00BA6FD5 /* Release */ = {
			isa = XCBuildConfiguration;
			buildSettings = {
				ALWAYS_SEARCH_USER_PATHS = NO;
				CLANG_ANALYZER_NONNULL = YES;
				CLANG_ANALYZER_NUMBER_OBJECT_CONVERSION = YES_AGGRESSIVE;
				CLANG_CXX_LANGUAGE_STANDARD = "gnu++14";
				CLANG_CXX_LIBRARY = "libc++";
				CLANG_ENABLE_MODULES = YES;
				CLANG_ENABLE_OBJC_ARC = YES;
				CLANG_ENABLE_OBJC_WEAK = YES;
				CLANG_WARN_BLOCK_CAPTURE_AUTORELEASING = YES;
				CLANG_WARN_BOOL_CONVERSION = YES;
				CLANG_WARN_COMMA = YES;
				CLANG_WARN_CONSTANT_CONVERSION = YES;
				CLANG_WARN_DEPRECATED_OBJC_IMPLEMENTATIONS = YES;
				CLANG_WARN_DIRECT_OBJC_ISA_USAGE = YES_ERROR;
				CLANG_WARN_DOCUMENTATION_COMMENTS = YES;
				CLANG_WARN_EMPTY_BODY = YES;
				CLANG_WARN_ENUM_CONVERSION = YES;
				CLANG_WARN_INFINITE_RECURSION = YES;
				CLANG_WARN_INT_CONVERSION = YES;
				CLANG_WARN_NON_LITERAL_NULL_CONVERSION = YES;
				CLANG_WARN_OBJC_IMPLICIT_RETAIN_SELF = YES;
				CLANG_WARN_OBJC_LITERAL_CONVERSION = YES;
				CLANG_WARN_OBJC_ROOT_CLASS = YES_ERROR;
				CLANG_WARN_RANGE_LOOP_ANALYSIS = YES;
				CLANG_WARN_STRICT_PROTOTYPES = YES;
				CLANG_WARN_SUSPICIOUS_MOVE = YES;
				CLANG_WARN_UNGUARDED_AVAILABILITY = YES_AGGRESSIVE;
				CLANG_WARN_UNREACHABLE_CODE = YES;
				CLANG_WARN__DUPLICATE_METHOD_MATCH = YES;
				COPY_PHASE_STRIP = NO;
				DEBUG_INFORMATION_FORMAT = "dwarf-with-dsym";
				ENABLE_NS_ASSERTIONS = NO;
				ENABLE_STRICT_OBJC_MSGSEND = YES;
				GCC_C_LANGUAGE_STANDARD = gnu11;
				GCC_NO_COMMON_BLOCKS = YES;
				GCC_WARN_64_TO_32_BIT_CONVERSION = YES;
				GCC_WARN_ABOUT_RETURN_TYPE = YES_ERROR;
				GCC_WARN_UNDECLARED_SELECTOR = YES;
				GCC_WARN_UNINITIALIZED_AUTOS = YES_AGGRESSIVE;
				GCC_WARN_UNUSED_FUNCTION = YES;
				GCC_WARN_UNUSED_VARIABLE = YES;
				IPHONEOS_DEPLOYMENT_TARGET = 13.4;
				MTL_ENABLE_DEBUG_INFO = NO;
				MTL_FAST_MATH = YES;
				SDKROOT = iphoneos;
				VALIDATE_PRODUCT = YES;
			};
			name = Release;
		};
		046097B7246C31AB00BA6FD5 /* Debug */ = {
			isa = XCBuildConfiguration;
			baseConfigurationReference = B49630D0448590691B6B4CB2 /* Pods-kvtemplate.debug.xcconfig */;
			buildSettings = {
				ASSETCATALOG_COMPILER_APPICON_NAME = AppIcon;
				CODE_SIGN_STYLE = Automatic;
				GCC_PREFIX_HEADER = "$(SRCROOT)/kvtemplate/src/global/pch/pch.pch";
				INFOPLIST_FILE = kvtemplate/Info.plist;
				IPHONEOS_DEPLOYMENT_TARGET = 9.0;
				LD_RUNPATH_SEARCH_PATHS = (
					"$(inherited)",
					"@executable_path/Frameworks",
				);
				PRODUCT_BUNDLE_IDENTIFIER = com.kevin.app.template;
				PRODUCT_NAME = "$(TARGET_NAME)";
				TARGETED_DEVICE_FAMILY = "1,2";
			};
			name = Debug;
		};
		046097B8246C31AB00BA6FD5 /* Release */ = {
			isa = XCBuildConfiguration;
			baseConfigurationReference = 60E9EAC16295C0EE9FD0F7E7 /* Pods-kvtemplate.release.xcconfig */;
			buildSettings = {
				ASSETCATALOG_COMPILER_APPICON_NAME = AppIcon;
				CODE_SIGN_STYLE = Automatic;
				GCC_PREFIX_HEADER = "$(SRCROOT)/kvtemplate/src/global/pch/pch.pch";
				INFOPLIST_FILE = kvtemplate/Info.plist;
				IPHONEOS_DEPLOYMENT_TARGET = 9.0;
				LD_RUNPATH_SEARCH_PATHS = (
					"$(inherited)",
					"@executable_path/Frameworks",
				);
				PRODUCT_BUNDLE_IDENTIFIER = com.kevin.app.template;
				PRODUCT_NAME = "$(TARGET_NAME)";
				TARGETED_DEVICE_FAMILY = "1,2";
			};
			name = Release;
		};
		046097BA246C31AB00BA6FD5 /* Debug */ = {
			isa = XCBuildConfiguration;
			baseConfigurationReference = 4064FF0390EA78F4D5679892 /* Pods-kvtemplateTests.debug.xcconfig */;
			buildSettings = {
				BUNDLE_LOADER = "$(TEST_HOST)";
				CODE_SIGN_STYLE = Automatic;
				INFOPLIST_FILE = kvtemplateTests/Info.plist;
				IPHONEOS_DEPLOYMENT_TARGET = 13.4;
				LD_RUNPATH_SEARCH_PATHS = (
					"$(inherited)",
					"@executable_path/Frameworks",
					"@loader_path/Frameworks",
				);
				PRODUCT_BUNDLE_IDENTIFIER = com.kevin.app.template.kvtemplateTests;
				PRODUCT_NAME = "$(TARGET_NAME)";
				TARGETED_DEVICE_FAMILY = "1,2";
				TEST_HOST = "$(BUILT_PRODUCTS_DIR)/kvtemplate.app/kvtemplate";
			};
			name = Debug;
		};
		046097BB246C31AB00BA6FD5 /* Release */ = {
			isa = XCBuildConfiguration;
			baseConfigurationReference = F4168D1B1BC0B8D2675FB22B /* Pods-kvtemplateTests.release.xcconfig */;
			buildSettings = {
				BUNDLE_LOADER = "$(TEST_HOST)";
				CODE_SIGN_STYLE = Automatic;
				INFOPLIST_FILE = kvtemplateTests/Info.plist;
				IPHONEOS_DEPLOYMENT_TARGET = 13.4;
				LD_RUNPATH_SEARCH_PATHS = (
					"$(inherited)",
					"@executable_path/Frameworks",
					"@loader_path/Frameworks",
				);
				PRODUCT_BUNDLE_IDENTIFIER = com.kevin.app.template.kvtemplateTests;
				PRODUCT_NAME = "$(TARGET_NAME)";
				TARGETED_DEVICE_FAMILY = "1,2";
				TEST_HOST = "$(BUILT_PRODUCTS_DIR)/kvtemplate.app/kvtemplate";
			};
			name = Release;
		};
		046097BD246C31AB00BA6FD5 /* Debug */ = {
			isa = XCBuildConfiguration;
			baseConfigurationReference = 0D32C6FFADBA6601939A87F6 /* Pods-kvtemplate-kvtemplateUITests.debug.xcconfig */;
			buildSettings = {
				CODE_SIGN_STYLE = Automatic;
				INFOPLIST_FILE = kvtemplateUITests/Info.plist;
				LD_RUNPATH_SEARCH_PATHS = (
					"$(inherited)",
					"@executable_path/Frameworks",
					"@loader_path/Frameworks",
				);
				PRODUCT_BUNDLE_IDENTIFIER = com.kevin.app.template.kvtemplateUITests;
				PRODUCT_NAME = "$(TARGET_NAME)";
				TARGETED_DEVICE_FAMILY = "1,2";
				TEST_TARGET_NAME = kvtemplate;
			};
			name = Debug;
		};
		046097BE246C31AB00BA6FD5 /* Release */ = {
			isa = XCBuildConfiguration;
			baseConfigurationReference = 8C483880CB027192F0362F3D /* Pods-kvtemplate-kvtemplateUITests.release.xcconfig */;
			buildSettings = {
				CODE_SIGN_STYLE = Automatic;
				INFOPLIST_FILE = kvtemplateUITests/Info.plist;
				LD_RUNPATH_SEARCH_PATHS = (
					"$(inherited)",
					"@executable_path/Frameworks",
					"@loader_path/Frameworks",
				);
				PRODUCT_BUNDLE_IDENTIFIER = com.kevin.app.template.kvtemplateUITests;
				PRODUCT_NAME = "$(TARGET_NAME)";
				TARGETED_DEVICE_FAMILY = "1,2";
				TEST_TARGET_NAME = kvtemplate;
			};
			name = Release;
		};
/* End XCBuildConfiguration section */

/* Begin XCConfigurationList section */
		04609782246C31A600BA6FD5 /* Build configuration list for PBXProject "kvtemplate" */ = {
			isa = XCConfigurationList;
			buildConfigurations = (
				046097B4246C31AB00BA6FD5 /* Debug */,
				046097B5246C31AB00BA6FD5 /* Release */,
			);
			defaultConfigurationIsVisible = 0;
			defaultConfigurationName = Release;
		};
		046097B6246C31AB00BA6FD5 /* Build configuration list for PBXNativeTarget "kvtemplate" */ = {
			isa = XCConfigurationList;
			buildConfigurations = (
				046097B7246C31AB00BA6FD5 /* Debug */,
				046097B8246C31AB00BA6FD5 /* Release */,
			);
			defaultConfigurationIsVisible = 0;
			defaultConfigurationName = Release;
		};
		046097B9246C31AB00BA6FD5 /* Build configuration list for PBXNativeTarget "kvtemplateTests" */ = {
			isa = XCConfigurationList;
			buildConfigurations = (
				046097BA246C31AB00BA6FD5 /* Debug */,
				046097BB246C31AB00BA6FD5 /* Release */,
			);
			defaultConfigurationIsVisible = 0;
			defaultConfigurationName = Release;
		};
		046097BC246C31AB00BA6FD5 /* Build configuration list for PBXNativeTarget "kvtemplateUITests" */ = {
			isa = XCConfigurationList;
			buildConfigurations = (
				046097BD246C31AB00BA6FD5 /* Debug */,
				046097BE246C31AB00BA6FD5 /* Release */,
			);
			defaultConfigurationIsVisible = 0;
			defaultConfigurationName = Release;
		};
/* End XCConfigurationList section */
	};
	rootObject = 0460977F246C31A600BA6FD5 /* Project object */;
}
